// !$*UTF8*$!
{
	archiveVersion = 1;
	classes = {
	};
	objectVersion = 46;
	objects = {

/* Begin PBXBuildFile section */
		1BC6A7FDAC158EFDB1EE184D /* Pods_InspireTests.framework in Frameworks */ = {isa = PBXBuildFile; fileRef = 296549DA29936DF7F1F0AACE /* Pods_InspireTests.framework */; };
		458B62962390958ECEAA9866 /* Pods_InspireUITests.framework in Frameworks */ = {isa = PBXBuildFile; fileRef = D28A0839C57864D895061959 /* Pods_InspireUITests.framework */; };
		B8089D811D96317200316BF2 /* DoubleCatagoryCell.swift in Sources */ = {isa = PBXBuildFile; fileRef = B8089D801D96317200316BF2 /* DoubleCatagoryCell.swift */; };
		B8089D831D96343400316BF2 /* PicturesGetter.swift in Sources */ = {isa = PBXBuildFile; fileRef = B8089D821D96343400316BF2 /* PicturesGetter.swift */; };
		B8089D851D96396B00316BF2 /* FlickrAPIConstants.swift in Sources */ = {isa = PBXBuildFile; fileRef = B8089D841D96396B00316BF2 /* FlickrAPIConstants.swift */; };
		B818316F1D961D6D0003DF04 /* SingleCatagoryCell.swift in Sources */ = {isa = PBXBuildFile; fileRef = B818316E1D961D6D0003DF04 /* SingleCatagoryCell.swift */; };
		B82FD7421D94F14D000F19A8 /* AppDelegate.swift in Sources */ = {isa = PBXBuildFile; fileRef = B82FD7411D94F14D000F19A8 /* AppDelegate.swift */; };
		B82FD7441D94F14D000F19A8 /* CatagoriesTable.swift in Sources */ = {isa = PBXBuildFile; fileRef = B82FD7431D94F14D000F19A8 /* CatagoriesTable.swift */; };
		B82FD7471D94F14D000F19A8 /* Main.storyboard in Resources */ = {isa = PBXBuildFile; fileRef = B82FD7451D94F14D000F19A8 /* Main.storyboard */; };
		B82FD7491D94F14D000F19A8 /* Assets.xcassets in Resources */ = {isa = PBXBuildFile; fileRef = B82FD7481D94F14D000F19A8 /* Assets.xcassets */; };
		B82FD74C1D94F14D000F19A8 /* LaunchScreen.storyboard in Resources */ = {isa = PBXBuildFile; fileRef = B82FD74A1D94F14D000F19A8 /* LaunchScreen.storyboard */; };
		B82FD7571D94F14D000F19A8 /* InspireTests.swift in Sources */ = {isa = PBXBuildFile; fileRef = B82FD7561D94F14D000F19A8 /* InspireTests.swift */; };
		B82FD7621D94F14D000F19A8 /* InspireUITests.swift in Sources */ = {isa = PBXBuildFile; fileRef = B82FD7611D94F14D000F19A8 /* InspireUITests.swift */; };
		B8996A1B1D96E5C500D335E7 /* Photo.swift in Sources */ = {isa = PBXBuildFile; fileRef = B8996A1A1D96E5C500D335E7 /* Photo.swift */; };
		EAAF92209576D260948257D5 /* Pods_Inspire.framework in Frameworks */ = {isa = PBXBuildFile; fileRef = 16EE56721125DE8BF5C34181 /* Pods_Inspire.framework */; };
/* End PBXBuildFile section */

/* Begin PBXContainerItemProxy section */
		B82FD7531D94F14D000F19A8 /* PBXContainerItemProxy */ = {
			isa = PBXContainerItemProxy;
			containerPortal = B82FD7361D94F14D000F19A8 /* Project object */;
			proxyType = 1;
			remoteGlobalIDString = B82FD73D1D94F14D000F19A8;
			remoteInfo = Inspire;
		};
		B82FD75E1D94F14D000F19A8 /* PBXContainerItemProxy */ = {
			isa = PBXContainerItemProxy;
			containerPortal = B82FD7361D94F14D000F19A8 /* Project object */;
			proxyType = 1;
			remoteGlobalIDString = B82FD73D1D94F14D000F19A8;
			remoteInfo = Inspire;
		};
/* End PBXContainerItemProxy section */

/* Begin PBXFileReference section */
		16EE56721125DE8BF5C34181 /* Pods_Inspire.framework */ = {isa = PBXFileReference; explicitFileType = wrapper.framework; includeInIndex = 0; path = Pods_Inspire.framework; sourceTree = BUILT_PRODUCTS_DIR; };
		296549DA29936DF7F1F0AACE /* Pods_InspireTests.framework */ = {isa = PBXFileReference; explicitFileType = wrapper.framework; includeInIndex = 0; path = Pods_InspireTests.framework; sourceTree = BUILT_PRODUCTS_DIR; };
		4E21B2ADB31412C33A3BA52B /* Pods-Inspire.release.xcconfig */ = {isa = PBXFileReference; includeInIndex = 1; lastKnownFileType = text.xcconfig; name = "Pods-Inspire.release.xcconfig"; path = "Pods/Target Support Files/Pods-Inspire/Pods-Inspire.release.xcconfig"; sourceTree = "<group>"; };
		53FE5A11290F8FD802B75336 /* Pods-InspireTests.debug.xcconfig */ = {isa = PBXFileReference; includeInIndex = 1; lastKnownFileType = text.xcconfig; name = "Pods-InspireTests.debug.xcconfig"; path = "Pods/Target Support Files/Pods-InspireTests/Pods-InspireTests.debug.xcconfig"; sourceTree = "<group>"; };
		5FC121FEEFABA39110EF1C1B /* Pods-InspireUITests.debug.xcconfig */ = {isa = PBXFileReference; includeInIndex = 1; lastKnownFileType = text.xcconfig; name = "Pods-InspireUITests.debug.xcconfig"; path = "Pods/Target Support Files/Pods-InspireUITests/Pods-InspireUITests.debug.xcconfig"; sourceTree = "<group>"; };
		99570C58487565DEC62E2723 /* Pods-InspireTests.release.xcconfig */ = {isa = PBXFileReference; includeInIndex = 1; lastKnownFileType = text.xcconfig; name = "Pods-InspireTests.release.xcconfig"; path = "Pods/Target Support Files/Pods-InspireTests/Pods-InspireTests.release.xcconfig"; sourceTree = "<group>"; };
		B8089D801D96317200316BF2 /* DoubleCatagoryCell.swift */ = {isa = PBXFileReference; fileEncoding = 4; lastKnownFileType = sourcecode.swift; path = DoubleCatagoryCell.swift; sourceTree = "<group>"; };
		B8089D821D96343400316BF2 /* PicturesGetter.swift */ = {isa = PBXFileReference; fileEncoding = 4; lastKnownFileType = sourcecode.swift; path = PicturesGetter.swift; sourceTree = "<group>"; };
		B8089D841D96396B00316BF2 /* FlickrAPIConstants.swift */ = {isa = PBXFileReference; fileEncoding = 4; lastKnownFileType = sourcecode.swift; path = FlickrAPIConstants.swift; sourceTree = "<group>"; };
		B818316E1D961D6D0003DF04 /* SingleCatagoryCell.swift */ = {isa = PBXFileReference; fileEncoding = 4; lastKnownFileType = sourcecode.swift; path = SingleCatagoryCell.swift; sourceTree = "<group>"; };
		B82FD73E1D94F14D000F19A8 /* Inspire.app */ = {isa = PBXFileReference; explicitFileType = wrapper.application; includeInIndex = 0; path = Inspire.app; sourceTree = BUILT_PRODUCTS_DIR; };
		B82FD7411D94F14D000F19A8 /* AppDelegate.swift */ = {isa = PBXFileReference; lastKnownFileType = sourcecode.swift; path = AppDelegate.swift; sourceTree = "<group>"; };
		B82FD7431D94F14D000F19A8 /* CatagoriesTable.swift */ = {isa = PBXFileReference; lastKnownFileType = sourcecode.swift; path = CatagoriesTable.swift; sourceTree = "<group>"; };
		B82FD7461D94F14D000F19A8 /* Base */ = {isa = PBXFileReference; lastKnownFileType = file.storyboard; name = Base; path = Base.lproj/Main.storyboard; sourceTree = "<group>"; };
		B82FD7481D94F14D000F19A8 /* Assets.xcassets */ = {isa = PBXFileReference; lastKnownFileType = folder.assetcatalog; path = Assets.xcassets; sourceTree = "<group>"; };
		B82FD74B1D94F14D000F19A8 /* Base */ = {isa = PBXFileReference; lastKnownFileType = file.storyboard; name = Base; path = Base.lproj/LaunchScreen.storyboard; sourceTree = "<group>"; };
		B82FD74D1D94F14D000F19A8 /* Info.plist */ = {isa = PBXFileReference; lastKnownFileType = text.plist.xml; path = Info.plist; sourceTree = "<group>"; };
		B82FD7521D94F14D000F19A8 /* InspireTests.xctest */ = {isa = PBXFileReference; explicitFileType = wrapper.cfbundle; includeInIndex = 0; path = InspireTests.xctest; sourceTree = BUILT_PRODUCTS_DIR; };
		B82FD7561D94F14D000F19A8 /* InspireTests.swift */ = {isa = PBXFileReference; lastKnownFileType = sourcecode.swift; path = InspireTests.swift; sourceTree = "<group>"; };
		B82FD7581D94F14D000F19A8 /* Info.plist */ = {isa = PBXFileReference; lastKnownFileType = text.plist.xml; path = Info.plist; sourceTree = "<group>"; };
		B82FD75D1D94F14D000F19A8 /* InspireUITests.xctest */ = {isa = PBXFileReference; explicitFileType = wrapper.cfbundle; includeInIndex = 0; path = InspireUITests.xctest; sourceTree = BUILT_PRODUCTS_DIR; };
		B82FD7611D94F14D000F19A8 /* InspireUITests.swift */ = {isa = PBXFileReference; lastKnownFileType = sourcecode.swift; path = InspireUITests.swift; sourceTree = "<group>"; };
		B82FD7631D94F14D000F19A8 /* Info.plist */ = {isa = PBXFileReference; lastKnownFileType = text.plist.xml; path = Info.plist; sourceTree = "<group>"; };
		B8996A1A1D96E5C500D335E7 /* Photo.swift */ = {isa = PBXFileReference; fileEncoding = 4; lastKnownFileType = sourcecode.swift; path = Photo.swift; sourceTree = "<group>"; };
		C7A78D08CA7B2A4D72D14B70 /* Pods-InspireUITests.release.xcconfig */ = {isa = PBXFileReference; includeInIndex = 1; lastKnownFileType = text.xcconfig; name = "Pods-InspireUITests.release.xcconfig"; path = "Pods/Target Support Files/Pods-InspireUITests/Pods-InspireUITests.release.xcconfig"; sourceTree = "<group>"; };
		D28A0839C57864D895061959 /* Pods_InspireUITests.framework */ = {isa = PBXFileReference; explicitFileType = wrapper.framework; includeInIndex = 0; path = Pods_InspireUITests.framework; sourceTree = BUILT_PRODUCTS_DIR; };
		F9E76346BFDBD05E691808F1 /* Pods-Inspire.debug.xcconfig */ = {isa = PBXFileReference; includeInIndex = 1; lastKnownFileType = text.xcconfig; name = "Pods-Inspire.debug.xcconfig"; path = "Pods/Target Support Files/Pods-Inspire/Pods-Inspire.debug.xcconfig"; sourceTree = "<group>"; };
/* End PBXFileReference section */

/* Begin PBXFrameworksBuildPhase section */
		B82FD73B1D94F14D000F19A8 /* Frameworks */ = {
			isa = PBXFrameworksBuildPhase;
			buildActionMask = 2147483647;
			files = (
				EAAF92209576D260948257D5 /* Pods_Inspire.framework in Frameworks */,
			);
			runOnlyForDeploymentPostprocessing = 0;
		};
		B82FD74F1D94F14D000F19A8 /* Frameworks */ = {
			isa = PBXFrameworksBuildPhase;
			buildActionMask = 2147483647;
			files = (
				1BC6A7FDAC158EFDB1EE184D /* Pods_InspireTests.framework in Frameworks */,
			);
			runOnlyForDeploymentPostprocessing = 0;
		};
		B82FD75A1D94F14D000F19A8 /* Frameworks */ = {
			isa = PBXFrameworksBuildPhase;
			buildActionMask = 2147483647;
			files = (
				458B62962390958ECEAA9866 /* Pods_InspireUITests.framework in Frameworks */,
			);
			runOnlyForDeploymentPostprocessing = 0;
		};
/* End PBXFrameworksBuildPhase section */

/* Begin PBXGroup section */
		13B986C6D70C32E81DDADE3F /* Frameworks */ = {
			isa = PBXGroup;
			children = (
				16EE56721125DE8BF5C34181 /* Pods_Inspire.framework */,
				296549DA29936DF7F1F0AACE /* Pods_InspireTests.framework */,
				D28A0839C57864D895061959 /* Pods_InspireUITests.framework */,
			);
			name = Frameworks;
			sourceTree = "<group>";
		};
		B25041678D3EBF27E15573D2 /* Pods */ = {
			isa = PBXGroup;
			children = (
				F9E76346BFDBD05E691808F1 /* Pods-Inspire.debug.xcconfig */,
				4E21B2ADB31412C33A3BA52B /* Pods-Inspire.release.xcconfig */,
				53FE5A11290F8FD802B75336 /* Pods-InspireTests.debug.xcconfig */,
				99570C58487565DEC62E2723 /* Pods-InspireTests.release.xcconfig */,
				5FC121FEEFABA39110EF1C1B /* Pods-InspireUITests.debug.xcconfig */,
				C7A78D08CA7B2A4D72D14B70 /* Pods-InspireUITests.release.xcconfig */,
			);
			name = Pods;
			sourceTree = "<group>";
		};
		B8116BB01DBC50210041A0BF /* Model */ = {
			isa = PBXGroup;
			children = (
				B8089D821D96343400316BF2 /* PicturesGetter.swift */,
				B8996A1A1D96E5C500D335E7 /* Photo.swift */,
				B8089D841D96396B00316BF2 /* FlickrAPIConstants.swift */,
			);
			name = Model;
			sourceTree = "<group>";
		};
		B8116BB11DBC50280041A0BF /* View */ = {
			isa = PBXGroup;
			children = (
				B8089D801D96317200316BF2 /* DoubleCatagoryCell.swift */,
				B82FD7451D94F14D000F19A8 /* Main.storyboard */,
				B818316E1D961D6D0003DF04 /* SingleCatagoryCell.swift */,
				B82FD7431D94F14D000F19A8 /* CatagoriesTable.swift */,
			);
			name = View;
			sourceTree = "<group>";
		};
		B8116BB21DBC50320041A0BF /* Presenter */ = {
			isa = PBXGroup;
			children = (
			);
			name = Presenter;
			sourceTree = "<group>";
		};
		B8116BB31DBC50400041A0BF /* Support */ = {
			isa = PBXGroup;
			children = (
				B82FD74A1D94F14D000F19A8 /* LaunchScreen.storyboard */,
				B82FD7411D94F14D000F19A8 /* AppDelegate.swift */,
				B82FD74D1D94F14D000F19A8 /* Info.plist */,
				B82FD7481D94F14D000F19A8 /* Assets.xcassets */,
			);
			name = Support;
			sourceTree = "<group>";
		};
		B82FD7351D94F14D000F19A8 = {
			isa = PBXGroup;
			children = (
				B82FD7401D94F14D000F19A8 /* Inspire */,
				B82FD7551D94F14D000F19A8 /* InspireTests */,
				B82FD7601D94F14D000F19A8 /* InspireUITests */,
				B82FD73F1D94F14D000F19A8 /* Products */,
				B25041678D3EBF27E15573D2 /* Pods */,
				13B986C6D70C32E81DDADE3F /* Frameworks */,
			);
			sourceTree = "<group>";
		};
		B82FD73F1D94F14D000F19A8 /* Products */ = {
			isa = PBXGroup;
			children = (
				B82FD73E1D94F14D000F19A8 /* Inspire.app */,
				B82FD7521D94F14D000F19A8 /* InspireTests.xctest */,
				B82FD75D1D94F14D000F19A8 /* InspireUITests.xctest */,
			);
			name = Products;
			sourceTree = "<group>";
		};
		B82FD7401D94F14D000F19A8 /* Inspire */ = {
			isa = PBXGroup;
			children = (
				B8116BB31DBC50400041A0BF /* Support */,
				B8116BB21DBC50320041A0BF /* Presenter */,
				B8116BB11DBC50280041A0BF /* View */,
				B8116BB01DBC50210041A0BF /* Model */,
			);
			path = Inspire;
			sourceTree = "<group>";
		};
		B82FD7551D94F14D000F19A8 /* InspireTests */ = {
			isa = PBXGroup;
			children = (
				B82FD7561D94F14D000F19A8 /* InspireTests.swift */,
				B82FD7581D94F14D000F19A8 /* Info.plist */,
			);
			path = InspireTests;
			sourceTree = "<group>";
		};
		B82FD7601D94F14D000F19A8 /* InspireUITests */ = {
			isa = PBXGroup;
			children = (
				B82FD7611D94F14D000F19A8 /* InspireUITests.swift */,
				B82FD7631D94F14D000F19A8 /* Info.plist */,
			);
			path = InspireUITests;
			sourceTree = "<group>";
		};
/* End PBXGroup section */

/* Begin PBXNativeTarget section */
		B82FD73D1D94F14D000F19A8 /* Inspire */ = {
			isa = PBXNativeTarget;
			buildConfigurationList = B82FD7661D94F14D000F19A8 /* Build configuration list for PBXNativeTarget "Inspire" */;
			buildPhases = (
				9B7924AB1A583199384CBFFC /* [CP] Check Pods Manifest.lock */,
				B82FD73A1D94F14D000F19A8 /* Sources */,
				B82FD73B1D94F14D000F19A8 /* Frameworks */,
				B82FD73C1D94F14D000F19A8 /* Resources */,
				572C46039BDF6260F9C8274E /* [CP] Embed Pods Frameworks */,
				1F3B9762A8CF18BBDBCB7710 /* [CP] Copy Pods Resources */,
			);
			buildRules = (
			);
			dependencies = (
			);
			name = Inspire;
			productName = Inspire;
			productReference = B82FD73E1D94F14D000F19A8 /* Inspire.app */;
			productType = "com.apple.product-type.application";
		};
		B82FD7511D94F14D000F19A8 /* InspireTests */ = {
			isa = PBXNativeTarget;
			buildConfigurationList = B82FD7691D94F14D000F19A8 /* Build configuration list for PBXNativeTarget "InspireTests" */;
			buildPhases = (
				2C701BB05F24C464274EF4C1 /* [CP] Check Pods Manifest.lock */,
				B82FD74E1D94F14D000F19A8 /* Sources */,
				B82FD74F1D94F14D000F19A8 /* Frameworks */,
				B82FD7501D94F14D000F19A8 /* Resources */,
				E386FE8C11C760516B0B0C67 /* [CP] Embed Pods Frameworks */,
				72C81A419325B4C2AA9EA73F /* [CP] Copy Pods Resources */,
			);
			buildRules = (
			);
			dependencies = (
				B82FD7541D94F14D000F19A8 /* PBXTargetDependency */,
			);
			name = InspireTests;
			productName = InspireTests;
			productReference = B82FD7521D94F14D000F19A8 /* InspireTests.xctest */;
			productType = "com.apple.product-type.bundle.unit-test";
		};
		B82FD75C1D94F14D000F19A8 /* InspireUITests */ = {
			isa = PBXNativeTarget;
			buildConfigurationList = B82FD76C1D94F14D000F19A8 /* Build configuration list for PBXNativeTarget "InspireUITests" */;
			buildPhases = (
				EE13312BF3E3E9C48AC08E66 /* [CP] Check Pods Manifest.lock */,
				B82FD7591D94F14D000F19A8 /* Sources */,
				B82FD75A1D94F14D000F19A8 /* Frameworks */,
				B82FD75B1D94F14D000F19A8 /* Resources */,
				BD16262E99209535DA34B91B /* [CP] Copy Pods Resources */,
			);
			buildRules = (
			);
			dependencies = (
				B82FD75F1D94F14D000F19A8 /* PBXTargetDependency */,
			);
			name = InspireUITests;
			productName = InspireUITests;
			productReference = B82FD75D1D94F14D000F19A8 /* InspireUITests.xctest */;
			productType = "com.apple.product-type.bundle.ui-testing";
		};
/* End PBXNativeTarget section */

/* Begin PBXProject section */
		B82FD7361D94F14D000F19A8 /* Project object */ = {
			isa = PBXProject;
			attributes = {
				LastSwiftUpdateCheck = 0800;
				LastUpgradeCheck = 0800;
				ORGANIZATIONNAME = "Minh Hoang";
				TargetAttributes = {
					B82FD73D1D94F14D000F19A8 = {
						CreatedOnToolsVersion = 8.0;
						DevelopmentTeam = ESYZ6DK9C8;
						ProvisioningStyle = Automatic;
					};
					B82FD7511D94F14D000F19A8 = {
						CreatedOnToolsVersion = 8.0;
						ProvisioningStyle = Automatic;
						TestTargetID = B82FD73D1D94F14D000F19A8;
					};
					B82FD75C1D94F14D000F19A8 = {
						CreatedOnToolsVersion = 8.0;
						ProvisioningStyle = Automatic;
						TestTargetID = B82FD73D1D94F14D000F19A8;
					};
				};
			};
			buildConfigurationList = B82FD7391D94F14D000F19A8 /* Build configuration list for PBXProject "Inspire" */;
			compatibilityVersion = "Xcode 3.2";
			developmentRegion = English;
			hasScannedForEncodings = 0;
			knownRegions = (
				en,
				Base,
			);
			mainGroup = B82FD7351D94F14D000F19A8;
			productRefGroup = B82FD73F1D94F14D000F19A8 /* Products */;
			projectDirPath = "";
			projectRoot = "";
			targets = (
				B82FD73D1D94F14D000F19A8 /* Inspire */,
				B82FD7511D94F14D000F19A8 /* InspireTests */,
				B82FD75C1D94F14D000F19A8 /* InspireUITests */,
			);
		};
/* End PBXProject section */

/* Begin PBXResourcesBuildPhase section */
		B82FD73C1D94F14D000F19A8 /* Resources */ = {
			isa = PBXResourcesBuildPhase;
			buildActionMask = 2147483647;
			files = (
				B82FD74C1D94F14D000F19A8 /* LaunchScreen.storyboard in Resources */,
				B82FD7491D94F14D000F19A8 /* Assets.xcassets in Resources */,
				B82FD7471D94F14D000F19A8 /* Main.storyboard in Resources */,
			);
			runOnlyForDeploymentPostprocessing = 0;
		};
		B82FD7501D94F14D000F19A8 /* Resources */ = {
			isa = PBXResourcesBuildPhase;
			buildActionMask = 2147483647;
			files = (
			);
			runOnlyForDeploymentPostprocessing = 0;
		};
		B82FD75B1D94F14D000F19A8 /* Resources */ = {
			isa = PBXResourcesBuildPhase;
			buildActionMask = 2147483647;
			files = (
			);
			runOnlyForDeploymentPostprocessing = 0;
		};
/* End PBXResourcesBuildPhase section */

/* Begin PBXShellScriptBuildPhase section */
		1F3B9762A8CF18BBDBCB7710 /* [CP] Copy Pods Resources */ = {
			isa = PBXShellScriptBuildPhase;
			buildActionMask = 2147483647;
			files = (
			);
			inputPaths = (
			);
			name = "[CP] Copy Pods Resources";
			outputPaths = (
			);
			runOnlyForDeploymentPostprocessing = 0;
			shellPath = /bin/sh;
			shellScript = "\"${SRCROOT}/Pods/Target Support Files/Pods-Inspire/Pods-Inspire-resources.sh\"\n";
			showEnvVarsInLog = 0;
		};
		2C701BB05F24C464274EF4C1 /* [CP] Check Pods Manifest.lock */ = {
			isa = PBXShellScriptBuildPhase;
			buildActionMask = 2147483647;
			files = (
			);
			inputPaths = (
			);
			name = "[CP] Check Pods Manifest.lock";
			outputPaths = (
			);
			runOnlyForDeploymentPostprocessing = 0;
			shellPath = /bin/sh;
			shellScript = "diff \"${PODS_ROOT}/../Podfile.lock\" \"${PODS_ROOT}/Manifest.lock\" > /dev/null\nif [[ $? != 0 ]] ; then\n    cat << EOM\nerror: The sandbox is not in sync with the Podfile.lock. Run 'pod install' or update your CocoaPods installation.\nEOM\n    exit 1\nfi\n";
			showEnvVarsInLog = 0;
		};
		572C46039BDF6260F9C8274E /* [CP] Embed Pods Frameworks */ = {
			isa = PBXShellScriptBuildPhase;
			buildActionMask = 2147483647;
			files = (
			);
			inputPaths = (
			);
			name = "[CP] Embed Pods Frameworks";
			outputPaths = (
			);
			runOnlyForDeploymentPostprocessing = 0;
			shellPath = /bin/sh;
			shellScript = "\"${SRCROOT}/Pods/Target Support Files/Pods-Inspire/Pods-Inspire-frameworks.sh\"\n";
			showEnvVarsInLog = 0;
		};
		72C81A419325B4C2AA9EA73F /* [CP] Copy Pods Resources */ = {
			isa = PBXShellScriptBuildPhase;
			buildActionMask = 2147483647;
			files = (
			);
			inputPaths = (
			);
			name = "[CP] Copy Pods Resources";
			outputPaths = (
			);
			runOnlyForDeploymentPostprocessing = 0;
			shellPath = /bin/sh;
			shellScript = "\"${SRCROOT}/Pods/Target Support Files/Pods-InspireTests/Pods-InspireTests-resources.sh\"\n";
			showEnvVarsInLog = 0;
		};
		9B7924AB1A583199384CBFFC /* [CP] Check Pods Manifest.lock */ = {
			isa = PBXShellScriptBuildPhase;
			buildActionMask = 2147483647;
			files = (
			);
			inputPaths = (
			);
			name = "[CP] Check Pods Manifest.lock";
			outputPaths = (
			);
			runOnlyForDeploymentPostprocessing = 0;
			shellPath = /bin/sh;
			shellScript = "diff \"${PODS_ROOT}/../Podfile.lock\" \"${PODS_ROOT}/Manifest.lock\" > /dev/null\nif [[ $? != 0 ]] ; then\n    cat << EOM\nerror: The sandbox is not in sync with the Podfile.lock. Run 'pod install' or update your CocoaPods installation.\nEOM\n    exit 1\nfi\n";
			showEnvVarsInLog = 0;
		};
		BD16262E99209535DA34B91B /* [CP] Copy Pods Resources */ = {
			isa = PBXShellScriptBuildPhase;
			buildActionMask = 2147483647;
			files = (
			);
			inputPaths = (
			);
			name = "[CP] Copy Pods Resources";
			outputPaths = (
			);
			runOnlyForDeploymentPostprocessing = 0;
			shellPath = /bin/sh;
			shellScript = "\"${SRCROOT}/Pods/Target Support Files/Pods-InspireUITests/Pods-InspireUITests-resources.sh\"\n";
			showEnvVarsInLog = 0;
		};
		E386FE8C11C760516B0B0C67 /* [CP] Embed Pods Frameworks */ = {
			isa = PBXShellScriptBuildPhase;
			buildActionMask = 2147483647;
			files = (
			);
			inputPaths = (
			);
			name = "[CP] Embed Pods Frameworks";
			outputPaths = (
			);
			runOnlyForDeploymentPostprocessing = 0;
			shellPath = /bin/sh;
			shellScript = "\"${SRCROOT}/Pods/Target Support Files/Pods-InspireTests/Pods-InspireTests-frameworks.sh\"\n";
			showEnvVarsInLog = 0;
		};
		EE13312BF3E3E9C48AC08E66 /* [CP] Check Pods Manifest.lock */ = {
			isa = PBXShellScriptBuildPhase;
			buildActionMask = 2147483647;
			files = (
			);
			inputPaths = (
			);
			name = "[CP] Check Pods Manifest.lock";
			outputPaths = (
			);
			runOnlyForDeploymentPostprocessing = 0;
			shellPath = /bin/sh;
			shellScript = "diff \"${PODS_ROOT}/../Podfile.lock\" \"${PODS_ROOT}/Manifest.lock\" > /dev/null\nif [[ $? != 0 ]] ; then\n    cat << EOM\nerror: The sandbox is not in sync with the Podfile.lock. Run 'pod install' or update your CocoaPods installation.\nEOM\n    exit 1\nfi\n";
			showEnvVarsInLog = 0;
		};
/* End PBXShellScriptBuildPhase section */

/* Begin PBXSourcesBuildPhase section */
		B82FD73A1D94F14D000F19A8 /* Sources */ = {
			isa = PBXSourcesBuildPhase;
			buildActionMask = 2147483647;
			files = (
				B8996A1B1D96E5C500D335E7 /* Photo.swift in Sources */,
				B8089D811D96317200316BF2 /* DoubleCatagoryCell.swift in Sources */,
				B818316F1D961D6D0003DF04 /* SingleCatagoryCell.swift in Sources */,
				B8089D831D96343400316BF2 /* PicturesGetter.swift in Sources */,
				B82FD7441D94F14D000F19A8 /* CatagoriesTable.swift in Sources */,
				B82FD7421D94F14D000F19A8 /* AppDelegate.swift in Sources */,
				B8089D851D96396B00316BF2 /* FlickrAPIConstants.swift in Sources */,
			);
			runOnlyForDeploymentPostprocessing = 0;
		};
		B82FD74E1D94F14D000F19A8 /* Sources */ = {
			isa = PBXSourcesBuildPhase;
			buildActionMask = 2147483647;
			files = (
				B82FD7571D94F14D000F19A8 /* InspireTests.swift in Sources */,
			);
			runOnlyForDeploymentPostprocessing = 0;
		};
		B82FD7591D94F14D000F19A8 /* Sources */ = {
			isa = PBXSourcesBuildPhase;
			buildActionMask = 2147483647;
			files = (
				B82FD7621D94F14D000F19A8 /* InspireUITests.swift in Sources */,
			);
			runOnlyForDeploymentPostprocessing = 0;
		};
/* End PBXSourcesBuildPhase section */

/* Begin PBXTargetDependency section */
		B82FD7541D94F14D000F19A8 /* PBXTargetDependency */ = {
			isa = PBXTargetDependency;
			target = B82FD73D1D94F14D000F19A8 /* Inspire */;
			targetProxy = B82FD7531D94F14D000F19A8 /* PBXContainerItemProxy */;
		};
		B82FD75F1D94F14D000F19A8 /* PBXTargetDependency */ = {
			isa = PBXTargetDependency;
			target = B82FD73D1D94F14D000F19A8 /* Inspire */;
			targetProxy = B82FD75E1D94F14D000F19A8 /* PBXContainerItemProxy */;
		};
/* End PBXTargetDependency section */

/* Begin PBXVariantGroup section */
		B82FD7451D94F14D000F19A8 /* Main.storyboard */ = {
			isa = PBXVariantGroup;
			children = (
				B82FD7461D94F14D000F19A8 /* Base */,
			);
			name = Main.storyboard;
			sourceTree = "<group>";
		};
		B82FD74A1D94F14D000F19A8 /* LaunchScreen.storyboard */ = {
			isa = PBXVariantGroup;
			children = (
				B82FD74B1D94F14D000F19A8 /* Base */,
			);
			name = LaunchScreen.storyboard;
			sourceTree = "<group>";
		};
/* End PBXVariantGroup section */

/* Begin XCBuildConfiguration section */
		B82FD7641D94F14D000F19A8 /* Debug */ = {
			isa = XCBuildConfiguration;
			buildSettings = {
				ALWAYS_SEARCH_USER_PATHS = NO;
				CLANG_ANALYZER_NONNULL = YES;
				CLANG_CXX_LANGUAGE_STANDARD = "gnu++0x";
				CLANG_CXX_LIBRARY = "libc++";
				CLANG_ENABLE_MODULES = YES;
				CLANG_ENABLE_OBJC_ARC = YES;
				CLANG_WARN_BOOL_CONVERSION = YES;
				CLANG_WARN_CONSTANT_CONVERSION = YES;
				CLANG_WARN_DIRECT_OBJC_ISA_USAGE = YES_ERROR;
				CLANG_WARN_DOCUMENTATION_COMMENTS = YES;
				CLANG_WARN_EMPTY_BODY = YES;
				CLANG_WARN_ENUM_CONVERSION = YES;
				CLANG_WARN_INFINITE_RECURSION = YES;
				CLANG_WARN_INT_CONVERSION = YES;
				CLANG_WARN_OBJC_ROOT_CLASS = YES_ERROR;
				CLANG_WARN_SUSPICIOUS_MOVE = YES;
				CLANG_WARN_SUSPICIOUS_MOVES = YES;
				CLANG_WARN_UNREACHABLE_CODE = YES;
				CLANG_WARN__DUPLICATE_METHOD_MATCH = YES;
				"CODE_SIGN_IDENTITY[sdk=iphoneos*]" = "iPhone Developer";
				COPY_PHASE_STRIP = NO;
				DEBUG_INFORMATION_FORMAT = dwarf;
				ENABLE_STRICT_OBJC_MSGSEND = YES;
				ENABLE_TESTABILITY = YES;
				GCC_C_LANGUAGE_STANDARD = gnu99;
				GCC_DYNAMIC_NO_PIC = NO;
				GCC_NO_COMMON_BLOCKS = YES;
				GCC_OPTIMIZATION_LEVEL = 0;
				GCC_PREPROCESSOR_DEFINITIONS = (
					"DEBUG=1",
					"$(inherited)",
				);
				GCC_WARN_64_TO_32_BIT_CONVERSION = YES;
				GCC_WARN_ABOUT_RETURN_TYPE = YES_ERROR;
				GCC_WARN_UNDECLARED_SELECTOR = YES;
				GCC_WARN_UNINITIALIZED_AUTOS = YES_AGGRESSIVE;
				GCC_WARN_UNUSED_FUNCTION = YES;
				GCC_WARN_UNUSED_VARIABLE = YES;
				IPHONEOS_DEPLOYMENT_TARGET = 10.0;
				MTL_ENABLE_DEBUG_INFO = YES;
				ONLY_ACTIVE_ARCH = YES;
				SDKROOT = iphoneos;
				SWIFT_ACTIVE_COMPILATION_CONDITIONS = DEBUG;
				SWIFT_OPTIMIZATION_LEVEL = "-Onone";
				TARGETED_DEVICE_FAMILY = "1,2";
			};
			name = Debug;
		};
		B82FD7651D94F14D000F19A8 /* Release */ = {
			isa = XCBuildConfiguration;
			buildSettings = {
				ALWAYS_SEARCH_USER_PATHS = NO;
				CLANG_ANALYZER_NONNULL = YES;
				CLANG_CXX_LANGUAGE_STANDARD = "gnu++0x";
				CLANG_CXX_LIBRARY = "libc++";
				CLANG_ENABLE_MODULES = YES;
				CLANG_ENABLE_OBJC_ARC = YES;
				CLANG_WARN_BOOL_CONVERSION = YES;
				CLANG_WARN_CONSTANT_CONVERSION = YES;
				CLANG_WARN_DIRECT_OBJC_ISA_USAGE = YES_ERROR;
				CLANG_WARN_DOCUMENTATION_COMMENTS = YES;
				CLANG_WARN_EMPTY_BODY = YES;
				CLANG_WARN_ENUM_CONVERSION = YES;
				CLANG_WARN_INFINITE_RECURSION = YES;
				CLANG_WARN_INT_CONVERSION = YES;
				CLANG_WARN_OBJC_ROOT_CLASS = YES_ERROR;
				CLANG_WARN_SUSPICIOUS_MOVE = YES;
				CLANG_WARN_SUSPICIOUS_MOVES = YES;
				CLANG_WARN_UNREACHABLE_CODE = YES;
				CLANG_WARN__DUPLICATE_METHOD_MATCH = YES;
				"CODE_SIGN_IDENTITY[sdk=iphoneos*]" = "iPhone Developer";
				COPY_PHASE_STRIP = NO;
				DEBUG_INFORMATION_FORMAT = "dwarf-with-dsym";
				ENABLE_NS_ASSERTIONS = NO;
				ENABLE_STRICT_OBJC_MSGSEND = YES;
				GCC_C_LANGUAGE_STANDARD = gnu99;
				GCC_NO_COMMON_BLOCKS = YES;
				GCC_WARN_64_TO_32_BIT_CONVERSION = YES;
				GCC_WARN_ABOUT_RETURN_TYPE = YES_ERROR;
				GCC_WARN_UNDECLARED_SELECTOR = YES;
				GCC_WARN_UNINITIALIZED_AUTOS = YES_AGGRESSIVE;
				GCC_WARN_UNUSED_FUNCTION = YES;
				GCC_WARN_UNUSED_VARIABLE = YES;
				IPHONEOS_DEPLOYMENT_TARGET = 10.0;
				MTL_ENABLE_DEBUG_INFO = NO;
				SDKROOT = iphoneos;
				SWIFT_OPTIMIZATION_LEVEL = "-Owholemodule";
				TARGETED_DEVICE_FAMILY = "1,2";
				VALIDATE_PRODUCT = YES;
			};
			name = Release;
		};
		B82FD7671D94F14D000F19A8 /* Debug */ = {
			isa = XCBuildConfiguration;
			baseConfigurationReference = F9E76346BFDBD05E691808F1 /* Pods-Inspire.debug.xcconfig */;
			buildSettings = {
				ALWAYS_EMBED_SWIFT_STANDARD_LIBRARIES = YES;
				ASSETCATALOG_COMPILER_APPICON_NAME = AppIcon;
				DEVELOPMENT_TEAM = ESYZ6DK9C8;
				INFOPLIST_FILE = Inspire/Info.plist;
				LD_RUNPATH_SEARCH_PATHS = "$(inherited) @executable_path/Frameworks";
				PRODUCT_BUNDLE_IDENTIFIER = edu.self.mhoang.Inspire;
				PRODUCT_NAME = "$(TARGET_NAME)";
				SWIFT_VERSION = 3.0;
			};
			name = Debug;
		};
		B82FD7681D94F14D000F19A8 /* Release */ = {
			isa = XCBuildConfiguration;
			baseConfigurationReference = 4E21B2ADB31412C33A3BA52B /* Pods-Inspire.release.xcconfig */;
			buildSettings = {
				ALWAYS_EMBED_SWIFT_STANDARD_LIBRARIES = YES;
				ASSETCATALOG_COMPILER_APPICON_NAME = AppIcon;
				DEVELOPMENT_TEAM = ESYZ6DK9C8;
				INFOPLIST_FILE = Inspire/Info.plist;
				LD_RUNPATH_SEARCH_PATHS = "$(inherited) @executable_path/Frameworks";
				PRODUCT_BUNDLE_IDENTIFIER = edu.self.mhoang.Inspire;
				PRODUCT_NAME = "$(TARGET_NAME)";
				SWIFT_VERSION = 3.0;
			};
			name = Release;
		};
		B82FD76A1D94F14D000F19A8 /* Debug */ = {
			isa = XCBuildConfiguration;
			baseConfigurationReference = 53FE5A11290F8FD802B75336 /* Pods-InspireTests.debug.xcconfig */;
			buildSettings = {
				ALWAYS_EMBED_SWIFT_STANDARD_LIBRARIES = YES;
				BUNDLE_LOADER = "$(TEST_HOST)";
				INFOPLIST_FILE = InspireTests/Info.plist;
				LD_RUNPATH_SEARCH_PATHS = "$(inherited) @executable_path/Frameworks @loader_path/Frameworks";
				PRODUCT_BUNDLE_IDENTIFIER = edu.self.mhoang.InspireTests;
				PRODUCT_NAME = "$(TARGET_NAME)";
				SWIFT_VERSION = 3.0;
				TEST_HOST = "$(BUILT_PRODUCTS_DIR)/Inspire.app/Inspire";
			};
			name = Debug;
		};
		B82FD76B1D94F14D000F19A8 /* Release */ = {
			isa = XCBuildConfiguration;
			baseConfigurationReference = 99570C58487565DEC62E2723 /* Pods-InspireTests.release.xcconfig */;
			buildSettings = {
				ALWAYS_EMBED_SWIFT_STANDARD_LIBRARIES = YES;
				BUNDLE_LOADER = "$(TEST_HOST)";
				INFOPLIST_FILE = InspireTests/Info.plist;
				LD_RUNPATH_SEARCH_PATHS = "$(inherited) @executable_path/Frameworks @loader_path/Frameworks";
				PRODUCT_BUNDLE_IDENTIFIER = edu.self.mhoang.InspireTests;
				PRODUCT_NAME = "$(TARGET_NAME)";
				SWIFT_VERSION = 3.0;
				TEST_HOST = "$(BUILT_PRODUCTS_DIR)/Inspire.app/Inspire";
			};
			name = Release;
		};
		B82FD76D1D94F14D000F19A8 /* Debug */ = {
			isa = XCBuildConfiguration;
			baseConfigurationReference = 5FC121FEEFABA39110EF1C1B /* Pods-InspireUITests.debug.xcconfig */;
			buildSettings = {
				ALWAYS_EMBED_SWIFT_STANDARD_LIBRARIES = YES;
				INFOPLIST_FILE = InspireUITests/Info.plist;
				LD_RUNPATH_SEARCH_PATHS = "$(inherited) @executable_path/Frameworks @loader_path/Frameworks";
				PRODUCT_BUNDLE_IDENTIFIER = edu.self.mhoang.InspireUITests;
				PRODUCT_NAME = "$(TARGET_NAME)";
				SWIFT_VERSION = 3.0;
				TEST_TARGET_NAME = Inspire;
			};
			name = Debug;
		};
		B82FD76E1D94F14D000F19A8 /* Release */ = {
			isa = XCBuildConfiguration;
			baseConfigurationReference = C7A78D08CA7B2A4D72D14B70 /* Pods-InspireUITests.release.xcconfig */;
			buildSettings = {
				ALWAYS_EMBED_SWIFT_STANDARD_LIBRARIES = YES;
				INFOPLIST_FILE = InspireUITests/Info.plist;
				LD_RUNPATH_SEARCH_PATHS = "$(inherited) @executable_path/Frameworks @loader_path/Frameworks";
				PRODUCT_BUNDLE_IDENTIFIER = edu.self.mhoang.InspireUITests;
				PRODUCT_NAME = "$(TARGET_NAME)";
				SWIFT_VERSION = 3.0;
				TEST_TARGET_NAME = Inspire;
			};
			name = Release;
		};
/* End XCBuildConfiguration section */

/* Begin XCConfigurationList section */
		B82FD7391D94F14D000F19A8 /* Build configuration list for PBXProject "Inspire" */ = {
			isa = XCConfigurationList;
			buildConfigurations = (
				B82FD7641D94F14D000F19A8 /* Debug */,
				B82FD7651D94F14D000F19A8 /* Release */,
			);
			defaultConfigurationIsVisible = 0;
			defaultConfigurationName = Release;
		};
		B82FD7661D94F14D000F19A8 /* Build configuration list for PBXNativeTarget "Inspire" */ = {
			isa = XCConfigurationList;
			buildConfigurations = (
				B82FD7671D94F14D000F19A8 /* Debug */,
				B82FD7681D94F14D000F19A8 /* Release */,
			);
			defaultConfigurationIsVisible = 0;
			defaultConfigurationName = Release;
		};
		B82FD7691D94F14D000F19A8 /* Build configuration list for PBXNativeTarget "InspireTests" */ = {
			isa = XCConfigurationList;
			buildConfigurations = (
				B82FD76A1D94F14D000F19A8 /* Debug */,
				B82FD76B1D94F14D000F19A8 /* Release */,
			);
			defaultConfigurationIsVisible = 0;
			defaultConfigurationName = Release;
		};
		B82FD76C1D94F14D000F19A8 /* Build configuration list for PBXNativeTarget "InspireUITests" */ = {
			isa = XCConfigurationList;
			buildConfigurations = (
				B82FD76D1D94F14D000F19A8 /* Debug */,
				B82FD76E1D94F14D000F19A8 /* Release */,
			);
			defaultConfigurationIsVisible = 0;
			defaultConfigurationName = Release;
		};
/* End XCConfigurationList section */
	};
	rootObject = B82FD7361D94F14D000F19A8 /* Project object */;
}
